
Microsoft Visual Studio Solution File, Format Version 12.00
# Visual Studio Version 17
VisualStudioVersion = 17.1.32328.378
MinimumVisualStudioVersion = 10.0.40219.1
Project("{FAE04EC0-301F-11D3-BF4B-00C04F79EFBC}") = "BIMDataPowerBI", "BIMDataPowerBI\BIMDataPowerBI.csproj", "{44357600-23BB-4537-8748-D26D5F4907E1}"
EndProject
Global
	GlobalSection(SolutionConfigurationPlatforms) = preSolution
		Debug|Any CPU = Debug|Any CPU
		Release|Any CPU = Release|Any CPU
	EndGlobalSection
	GlobalSection(ProjectConfigurationPlatforms) = postSolution
		{44357600-23BB-4537-8748-D26D5F4907E1}.Debug|Any CPU.ActiveCfg = Debug|Any CPU
		{44357600-23BB-4537-8748-D26D5F4907E1}.Debug|Any CPU.Build.0 = Debug|Any CPU
		{44357600-23BB-4537-8748-D26D5F4907E1}.Release|Any CPU.ActiveCfg = Release|Any CPU
		{44357600-23BB-4537-8748-D26D5F4907E1}.Release|Any CPU.Build.0 = Release|Any CPU
	EndGlobalSection
	GlobalSection(SolutionProperties) = preSolution
		HideSolutionNode = FALSE
	EndGlobalSection
	GlobalSection(ExtensibilityGlobals) = postSolution
		SolutionGuid = {F3E48E76-2FA4-4D7B-9EAC-C746D666F883}
	EndGlobalSection
EndGlobal
